<?xml version="1.0" encoding="utf-8"?>
<Project ToolsVersion="4.0" xmlns="http://schemas.microsoft.com/developer/msbuild/2003">
  <ItemGroup>
    <Filter Include="Source Files">
      <UniqueIdentifier>{4FC737F1-C7A5-4376-A066-2A32D752A2FF}</UniqueIdentifier>
      <Extensions>cpp;c;cc;cxx;c++;cppm;ixx;def;odl;idl;hpj;bat;asm;asmx</Extensions>
    </Filter>
    <Filter Include="Header Files">
      <UniqueIdentifier>{93995380-89BD-4b04-88EB-625FBE52EBFB}</UniqueIdentifier>
      <Extensions>h;hh;hpp;hxx;h++;hm;inl;inc;ipp;xsd</Extensions>
    </Filter>
    <Filter Include="Resource Files">
      <UniqueIdentifier>{67DA6AB6-F800-4c08-8B7A-83BB121AAD01}</UniqueIdentifier>
      <Extensions>rc;ico;cur;bmp;dlg;rc2;rct;bin;rgs;gif;jpg;jpeg;jpe;resx;tiff;tif;png;wav;mfcribbon-ms</Extensions>
    </Filter>
  </ItemGroup>
  <ItemGroup>
    <ClInclude Include="Application.h">
      <Filter>Header Files</Filter>
    </ClInclude>
    <ClInclude Include="log.h">
      <Filter>Header Files</Filter>
    </ClInclude>
    <ClInclude Include="Events\BartaEvent.h">
      <Filter>Header Files</Filter>
    </ClInclude>
    <ClInclude Include="Graphics\Resource.h">
      <Filter>Header Files</Filter>
    </ClInclude>
    <ClInclude Include="BartaShapes\Circle.h">
      <Filter>Header Files</Filter>
    </ClInclude>
    <ClInclude Include="Geometrics\Vector2f.h">
      <Filter>Header Files</Filter>
    </ClInclude>
    <ClInclude Include="BartaObject.h">
      <Filter>Header Files</Filter>
    </ClInclude>
    <ClInclude Include="BartaObjectManager.h">
      <Filter>Header Files</Filter>
    </ClInclude>
    <ClInclude Include="BartaSprite.h">
      <Filter>Header Files</Filter>
    </ClInclude>
    <ClInclude Include="Collisions\CollisionDetectionStrategyInterface.h">
      <Filter>Header Files</Filter>
    </ClInclude>
    <ClInclude Include="Hitbox\CircleHitbox.h">
      <Filter>Header Files</Filter>
    </ClInclude>
    <ClInclude Include="Hitbox\HitboxInterface.h">
      <Filter>Header Files</Filter>
    </ClInclude>
    <ClInclude Include="Hitbox\HitboxAwareInterface.h">
      <Filter>Header Files</Filter>
    </ClInclude>
    <ClInclude Include="Graphics\BartaGraphicsBridgeInterface.h">
      <Filter>Header Files</Filter>
    </ClInclude>
    <ClInclude Include="Events\BartaEventLoggerInterface.h">
      <Filter>Header Files</Filter>
    </ClInclude>
    <ClInclude Include="Events\EventSubscriberInterface.h">
      <Filter>Header Files</Filter>
    </ClInclude>
    <ClInclude Include="Graphics\SFML_GraphicsBridge.h">
      <Filter>Header Files</Filter>
    </ClInclude>
    <ClInclude Include="Events\SimpleEventLogger.h">
      <Filter>Header Files</Filter>
    </ClInclude>
    <ClInclude Include="Geometrics\TransformableInterface.h">
      <Filter>Header Files</Filter>
    </ClInclude>
    <ClInclude Include="Geometrics\SFML_Transformable.h">
      <Filter>Header Files</Filter>
    </ClInclude>
    <ClInclude Include="Graphics\SFML_Bridge\ResourceMatcherInterface.h">
      <Filter>Header Files</Filter>
    </ClInclude>
    <ClInclude Include="Graphics\SFML_Bridge\NullDrawableObject.h">
      <Filter>Header Files</Filter>
    </ClInclude>
    <ClInclude Include="Graphics\SFML_Bridge\SpriteResourceMatcher.h">
      <Filter>Header Files</Filter>
    </ClInclude>
    <ClInclude Include="Graphics\SFML_Bridge\ResourceContainerInterface.h">
      <Filter>Header Files</Filter>
    </ClInclude>
    <ClInclude Include="Graphics\SFML_Bridge\SimpleResourceContainer.h">
      <Filter>Header Files</Filter>
    </ClInclude>
    <ClInclude Include="ObjectManagerInterface.h">
      <Filter>Header Files</Filter>
    </ClInclude>
    <ClInclude Include="Events\Events\LeftClickEvent.h">
      <Filter>Header Files</Filter>
    </ClInclude>
    <ClInclude Include="Collisions\CheckCollisionVisitorInterface.h">
      <Filter>Header Files</Filter>
    </ClInclude>
    <ClInclude Include="Collisions\CheckCollisionVisitors\CircleCircleCheckCollisionVisitor.h">
      <Filter>Header Files</Filter>
    </ClInclude>
    <ClInclude Include="Collisions\CollisionDetectionStrategies\StaticCollisionDetectionStrategy.h">
      <Filter>Header Files</Filter>
    </ClInclude>
    <ClInclude Include="Collisions\CollisionDetectionStrategies\DynamicCollisionDetectionStrategy.h">
      <Filter>Header Files</Filter>
    </ClInclude>
    <ClInclude Include="Dynamics\DynamicsDTO.h">
      <Filter>Header Files</Filter>
    </ClInclude>
    <ClInclude Include="Dynamics\TimerInterface.h">
      <Filter>Header Files</Filter>
    </ClInclude>
    <ClInclude Include="Dynamics\DynamicsAwareInterface.h">
      <Filter>Header Files</Filter>
    </ClInclude>
    <ClInclude Include="Dynamics\DynamicsUpdateStrategyInterface.h">
      <Filter>Header Files</Filter>
    </ClInclude>
    <ClInclude Include="Dynamics\Timers\SFML_Timer.h">
      <Filter>Header Files</Filter>
    </ClInclude>
    <ClInclude Include="Dynamics\ConstVelocityDynamicsUpdateStrategy.h">
      <Filter>Header Files</Filter>
    </ClInclude>
    <ClInclude Include="Events\Events\BallsCollisionEvent.h">
      <Filter>Header Files</Filter>
    </ClInclude>
  </ItemGroup>
  <ItemGroup>
    <ClCompile Include="Application.cpp">
      <Filter>Source Files</Filter>
    </ClCompile>
    <ClCompile Include="BartaShapes\Circle.cpp">
      <Filter>Source Files</Filter>
    </ClCompile>
    <ClCompile Include="Geometrics\Vector2f.cpp">
      <Filter>Source Files</Filter>
    </ClCompile>
    <ClCompile Include="BartaObjectManager.cpp">
      <Filter>Source Files</Filter>
    </ClCompile>
    <ClCompile Include="BartaSprite.cpp">
      <Filter>Source Files</Filter>
    </ClCompile>
    <ClCompile Include="Hitbox\CircleHitbox.cpp">
      <Filter>Source Files</Filter>
    </ClCompile>
    <ClCompile Include="Graphics\SFML_GraphicsBridge.cpp">
      <Filter>Source Files</Filter>
    </ClCompile>
    <ClCompile Include="Events\SimpleEventLogger.cpp">
      <Filter>Source Files</Filter>
    </ClCompile>
    <ClCompile Include="Geometrics\SFML_Transformable.cpp">
      <Filter>Source Files</Filter>
    </ClCompile>
    <ClCompile Include="Graphics\SFML_Bridge\SpriteResourceMatcher.cpp">
      <Filter>Source Files</Filter>
    </ClCompile>
    <ClCompile Include="Graphics\SFML_Bridge\SimpleResourceContainer.cpp">
      <Filter>Source Files</Filter>
    </ClCompile>
    <ClCompile Include="Collisions\CheckCollisionVisitors\CircleCircleCheckCollisionVisitor.cpp">
      <Filter>Source Files</Filter>
    </ClCompile>
    <ClCompile Include="Collisions\CollisionDetectionStrategies\StaticCollisionDetectionStrategy.cpp">
      <Filter>Source Files</Filter>
    </ClCompile>
    <ClCompile Include="Collisions\CollisionDetectionStrategies\DynamicCollisionDetectionStrategy.cpp">
      <Filter>Source Files</Filter>
    </ClCompile>
    <ClCompile Include="Dynamics\Timers\SFML_Timer.cpp">
      <Filter>Source Files</Filter>
    </ClCompile>
    <ClCompile Include="Dynamics\ConstVelocityDynamicsUpdateStrategy.cpp">
      <Filter>Source Files</Filter>
    </ClCompile>
  </ItemGroup>
  <ItemGroup>
    <Text Include="ApplicationArchive.txt" />
  </ItemGroup>
  <ItemGroup>
    <None Include="BartaEngine2.aps" />
  </ItemGroup>
  <ItemGroup>
    <ResourceCompile Include="BartaEngine2.rc">
      <Filter>Resource Files</Filter>
    </ResourceCompile>
  </ItemGroup>
</Project>